
Microsoft Visual Studio Solution File, Format Version 12.00
# Visual Studio Version 17
VisualStudioVersion = 17.0.31903.59
MinimumVisualStudioVersion = 10.0.40219.1
Project("{2150E333-8FDC-42A3-9474-1A3956D46DE8}") = "src", "src", "{827E0CD3-B72D-47B6-A68D-7590B98EB39B}"
EndProject
Project("{FAE04EC0-301F-11D3-BF4B-00C04F79EFBC}") = "SplitIt.API", "src\SplitIt.API\SplitIt.API.csproj", "{6C4F4D94-FF7B-4678-AB20-B5BFDD1802B9}"
EndProject
Project("{FAE04EC0-301F-11D3-BF4B-00C04F79EFBC}") = "SplitIt.Application", "src\SplitIt.Application\SplitIt.Application.csproj", "{87709744-6CAB-4953-AE5A-69E09F0FF27A}"
EndProject
Project("{FAE04EC0-301F-11D3-BF4B-00C04F79EFBC}") = "SplitIt.Domain", "src\SplitIt.Domain\SplitIt.Domain.csproj", "{5BD51CD3-68B1-44A1-A664-BEDC027F5EB4}"
EndProject
Project("{FAE04EC0-301F-11D3-BF4B-00C04F79EFBC}") = "SplitIt.Persistence", "src\SplitIt.Persistence\SplitIt.Persistence.csproj", "{DED33B5F-3BC6-47F6-A29E-7E2FBE4D280F}"
EndProject
Project("{FAE04EC0-301F-11D3-BF4B-00C04F79EFBC}") = "SplitIt.Infrastructure", "src\SplitIt.Infrastructure\SplitIt.Infrastructure.csproj", "{F7882E33-CB12-4DEE-9039-5EEDA043124F}"
EndProject
Project("{2150E333-8FDC-42A3-9474-1A3956D46DE8}") = "tests", "tests", "{0AB3BF05-4346-4AA6-1389-037BE0695223}"
EndProject
Project("{FAE04EC0-301F-11D3-BF4B-00C04F79EFBC}") = "SplitIt.Tests", "tests\SplitIt.Tests\SplitIt.Tests.csproj", "{843C1821-0B54-4755-8B2C-C74C739544DC}"
EndProject
Global
	GlobalSection(SolutionConfigurationPlatforms) = preSolution
		Debug|Any CPU = Debug|Any CPU
		Debug|x64 = Debug|x64
		Debug|x86 = Debug|x86
		Release|Any CPU = Release|Any CPU
		Release|x64 = Release|x64
		Release|x86 = Release|x86
	EndGlobalSection
	GlobalSection(ProjectConfigurationPlatforms) = postSolution
		{6C4F4D94-FF7B-4678-AB20-B5BFDD1802B9}.Debug|Any CPU.ActiveCfg = Debug|Any CPU
		{6C4F4D94-FF7B-4678-AB20-B5BFDD1802B9}.Debug|Any CPU.Build.0 = Debug|Any CPU
		{6C4F4D94-FF7B-4678-AB20-B5BFDD1802B9}.Debug|x64.ActiveCfg = Debug|Any CPU
		{6C4F4D94-FF7B-4678-AB20-B5BFDD1802B9}.Debug|x64.Build.0 = Debug|Any CPU
		{6C4F4D94-FF7B-4678-AB20-B5BFDD1802B9}.Debug|x86.ActiveCfg = Debug|Any CPU
		{6C4F4D94-FF7B-4678-AB20-B5BFDD1802B9}.Debug|x86.Build.0 = Debug|Any CPU
		{6C4F4D94-FF7B-4678-AB20-B5BFDD1802B9}.Release|Any CPU.ActiveCfg = Release|Any CPU
		{6C4F4D94-FF7B-4678-AB20-B5BFDD1802B9}.Release|Any CPU.Build.0 = Release|Any CPU
		{6C4F4D94-FF7B-4678-AB20-B5BFDD1802B9}.Release|x64.ActiveCfg = Release|Any CPU
		{6C4F4D94-FF7B-4678-AB20-B5BFDD1802B9}.Release|x64.Build.0 = Release|Any CPU
		{6C4F4D94-FF7B-4678-AB20-B5BFDD1802B9}.Release|x86.ActiveCfg = Release|Any CPU
		{6C4F4D94-FF7B-4678-AB20-B5BFDD1802B9}.Release|x86.Build.0 = Release|Any CPU
		{87709744-6CAB-4953-AE5A-69E09F0FF27A}.Debug|Any CPU.ActiveCfg = Debug|Any CPU
		{87709744-6CAB-4953-AE5A-69E09F0FF27A}.Debug|Any CPU.Build.0 = Debug|Any CPU
		{87709744-6CAB-4953-AE5A-69E09F0FF27A}.Debug|x64.ActiveCfg = Debug|Any CPU
		{87709744-6CAB-4953-AE5A-69E09F0FF27A}.Debug|x64.Build.0 = Debug|Any CPU
		{87709744-6CAB-4953-AE5A-69E09F0FF27A}.Debug|x86.ActiveCfg = Debug|Any CPU
		{87709744-6CAB-4953-AE5A-69E09F0FF27A}.Debug|x86.Build.0 = Debug|Any CPU
		{87709744-6CAB-4953-AE5A-69E09F0FF27A}.Release|Any CPU.ActiveCfg = Release|Any CPU
		{87709744-6CAB-4953-AE5A-69E09F0FF27A}.Release|Any CPU.Build.0 = Release|Any CPU
		{87709744-6CAB-4953-AE5A-69E09F0FF27A}.Release|x64.ActiveCfg = Release|Any CPU
		{87709744-6CAB-4953-AE5A-69E09F0FF27A}.Release|x64.Build.0 = Release|Any CPU
		{87709744-6CAB-4953-AE5A-69E09F0FF27A}.Release|x86.ActiveCfg = Release|Any CPU
		{87709744-6CAB-4953-AE5A-69E09F0FF27A}.Release|x86.Build.0 = Release|Any CPU
		{5BD51CD3-68B1-44A1-A664-BEDC027F5EB4}.Debug|Any CPU.ActiveCfg = Debug|Any CPU
		{5BD51CD3-68B1-44A1-A664-BEDC027F5EB4}.Debug|Any CPU.Build.0 = Debug|Any CPU
		{5BD51CD3-68B1-44A1-A664-BEDC027F5EB4}.Debug|x64.ActiveCfg = Debug|Any CPU
		{5BD51CD3-68B1-44A1-A664-BEDC027F5EB4}.Debug|x64.Build.0 = Debug|Any CPU
		{5BD51CD3-68B1-44A1-A664-BEDC027F5EB4}.Debug|x86.ActiveCfg = Debug|Any CPU
		{5BD51CD3-68B1-44A1-A664-BEDC027F5EB4}.Debug|x86.Build.0 = Debug|Any CPU
		{5BD51CD3-68B1-44A1-A664-BEDC027F5EB4}.Release|Any CPU.ActiveCfg = Release|Any CPU
		{5BD51CD3-68B1-44A1-A664-BEDC027F5EB4}.Release|Any CPU.Build.0 = Release|Any CPU
		{5BD51CD3-68B1-44A1-A664-BEDC027F5EB4}.Release|x64.ActiveCfg = Release|Any CPU
		{5BD51CD3-68B1-44A1-A664-BEDC027F5EB4}.Release|x64.Build.0 = Release|Any CPU
		{5BD51CD3-68B1-44A1-A664-BEDC027F5EB4}.Release|x86.ActiveCfg = Release|Any CPU
		{5BD51CD3-68B1-44A1-A664-BEDC027F5EB4}.Release|x86.Build.0 = Release|Any CPU
		{DED33B5F-3BC6-47F6-A29E-7E2FBE4D280F}.Debug|Any CPU.ActiveCfg = Debug|Any CPU
		{DED33B5F-3BC6-47F6-A29E-7E2FBE4D280F}.Debug|Any CPU.Build.0 = Debug|Any CPU
		{DED33B5F-3BC6-47F6-A29E-7E2FBE4D280F}.Debug|x64.ActiveCfg = Debug|Any CPU
		{DED33B5F-3BC6-47F6-A29E-7E2FBE4D280F}.Debug|x64.Build.0 = Debug|Any CPU
		{DED33B5F-3BC6-47F6-A29E-7E2FBE4D280F}.Debug|x86.ActiveCfg = Debug|Any CPU
		{DED33B5F-3BC6-47F6-A29E-7E2FBE4D280F}.Debug|x86.Build.0 = Debug|Any CPU
		{DED33B5F-3BC6-47F6-A29E-7E2FBE4D280F}.Release|Any CPU.ActiveCfg = Release|Any CPU
		{DED33B5F-3BC6-47F6-A29E-7E2FBE4D280F}.Release|Any CPU.Build.0 = Release|Any CPU
		{DED33B5F-3BC6-47F6-A29E-7E2FBE4D280F}.Release|x64.ActiveCfg = Release|Any CPU
		{DED33B5F-3BC6-47F6-A29E-7E2FBE4D280F}.Release|x64.Build.0 = Release|Any CPU
		{DED33B5F-3BC6-47F6-A29E-7E2FBE4D280F}.Release|x86.ActiveCfg = Release|Any CPU
		{DED33B5F-3BC6-47F6-A29E-7E2FBE4D280F}.Release|x86.Build.0 = Release|Any CPU
		{F7882E33-CB12-4DEE-9039-5EEDA043124F}.Debug|Any CPU.ActiveCfg = Debug|Any CPU
		{F7882E33-CB12-4DEE-9039-5EEDA043124F}.Debug|Any CPU.Build.0 = Debug|Any CPU
		{F7882E33-CB12-4DEE-9039-5EEDA043124F}.Debug|x64.ActiveCfg = Debug|Any CPU
		{F7882E33-CB12-4DEE-9039-5EEDA043124F}.Debug|x64.Build.0 = Debug|Any CPU
		{F7882E33-CB12-4DEE-9039-5EEDA043124F}.Debug|x86.ActiveCfg = Debug|Any CPU
		{F7882E33-CB12-4DEE-9039-5EEDA043124F}.Debug|x86.Build.0 = Debug|Any CPU
		{F7882E33-CB12-4DEE-9039-5EEDA043124F}.Release|Any CPU.ActiveCfg = Release|Any CPU
		{F7882E33-CB12-4DEE-9039-5EEDA043124F}.Release|Any CPU.Build.0 = Release|Any CPU
		{F7882E33-CB12-4DEE-9039-5EEDA043124F}.Release|x64.ActiveCfg = Release|Any CPU
		{F7882E33-CB12-4DEE-9039-5EEDA043124F}.Release|x64.Build.0 = Release|Any CPU
		{F7882E33-CB12-4DEE-9039-5EEDA043124F}.Release|x86.ActiveCfg = Release|Any CPU
		{F7882E33-CB12-4DEE-9039-5EEDA043124F}.Release|x86.Build.0 = Release|Any CPU
		{843C1821-0B54-4755-8B2C-C74C739544DC}.Debug|Any CPU.ActiveCfg = Debug|Any CPU
		{843C1821-0B54-4755-8B2C-C74C739544DC}.Debug|Any CPU.Build.0 = Debug|Any CPU
		{843C1821-0B54-4755-8B2C-C74C739544DC}.Debug|x64.ActiveCfg = Debug|Any CPU
		{843C1821-0B54-4755-8B2C-C74C739544DC}.Debug|x64.Build.0 = Debug|Any CPU
		{843C1821-0B54-4755-8B2C-C74C739544DC}.Debug|x86.ActiveCfg = Debug|Any CPU
		{843C1821-0B54-4755-8B2C-C74C739544DC}.Debug|x86.Build.0 = Debug|Any CPU
		{843C1821-0B54-4755-8B2C-C74C739544DC}.Release|Any CPU.ActiveCfg = Release|Any CPU
		{843C1821-0B54-4755-8B2C-C74C739544DC}.Release|Any CPU.Build.0 = Release|Any CPU
		{843C1821-0B54-4755-8B2C-C74C739544DC}.Release|x64.ActiveCfg = Release|Any CPU
		{843C1821-0B54-4755-8B2C-C74C739544DC}.Release|x64.Build.0 = Release|Any CPU
		{843C1821-0B54-4755-8B2C-C74C739544DC}.Release|x86.ActiveCfg = Release|Any CPU
		{843C1821-0B54-4755-8B2C-C74C739544DC}.Release|x86.Build.0 = Release|Any CPU
	EndGlobalSection
	GlobalSection(SolutionProperties) = preSolution
		HideSolutionNode = FALSE
	EndGlobalSection
	GlobalSection(NestedProjects) = preSolution
		{6C4F4D94-FF7B-4678-AB20-B5BFDD1802B9} = {827E0CD3-B72D-47B6-A68D-7590B98EB39B}
		{87709744-6CAB-4953-AE5A-69E09F0FF27A} = {827E0CD3-B72D-47B6-A68D-7590B98EB39B}
		{5BD51CD3-68B1-44A1-A664-BEDC027F5EB4} = {827E0CD3-B72D-47B6-A68D-7590B98EB39B}
		{DED33B5F-3BC6-47F6-A29E-7E2FBE4D280F} = {827E0CD3-B72D-47B6-A68D-7590B98EB39B}
		{F7882E33-CB12-4DEE-9039-5EEDA043124F} = {827E0CD3-B72D-47B6-A68D-7590B98EB39B}
		{843C1821-0B54-4755-8B2C-C74C739544DC} = {0AB3BF05-4346-4AA6-1389-037BE0695223}
	EndGlobalSection
	GlobalSection(ExtensibilityGlobals) = postSolution
		SolutionGuid = {B3AD352D-B36D-434A-9EFC-C050E0216B2D}
	EndGlobalSection
EndGlobal
